# This file is automatically @generated by Cargo.
# It is not intended for manual editing.
version = 3

[[package]]
name = "alloca"
version = "0.3.4"
source = "registry+https://github.com/rust-lang/crates.io-index"
checksum = "873a9f050fb9a85bd0c486a48277cbf48a840e5c806bc6d9988509a06ded1a58"
dependencies = [
 "cc",
]

[[package]]
name = "bitfield"
version = "0.14.0"
source = "registry+https://github.com/rust-lang/crates.io-index"
checksum = "2d7e60934ceec538daadb9d8432424ed043a904d8e0243f3c6446bce549a46ac"

[[package]]
name = "bitflags"
version = "2.3.3"
source = "registry+https://github.com/rust-lang/crates.io-index"
checksum = "630be753d4e58660abd17930c71b647fe46c27ea6b63cc59e1e3851406972e42"

[[package]]
name = "cc"
version = "1.0.79"
source = "registry+https://github.com/rust-lang/crates.io-index"
checksum = "50d30906286121d95be3d479533b458f87493b30a4b5f79a607db8f5d11aa91f"

[[package]]
name = "impl_ops"
version = "0.1.1"
source = "registry+https://github.com/rust-lang/crates.io-index"
checksum = "90f97a5f38dd3ccfbe7aa80f4a0c00930f21b922c74195be0201c51028f22dcf"

[[package]]
name = "lazy_static"
version = "1.4.0"
source = "registry+https://github.com/rust-lang/crates.io-index"
checksum = "e2abad23fbc42b3700f2f279844dc832adb2b2eb069b2df918f455c4e18cc646"
dependencies = [
 "spin 0.5.2",
]

[[package]]
name = "panic-halt"
version = "0.2.0"
source = "registry+https://github.com/rust-lang/crates.io-index"
checksum = "de96540e0ebde571dc55c73d60ef407c653844e6f9a1e2fdbd40c07b9252d812"

[[package]]
name = "pet_os"
version = "0.1.0"
dependencies = [
 "alloca",
 "bitfield",
 "bitflags",
 "impl_ops",
 "lazy_static",
 "panic-halt",
 "spin 0.8.0",
 "static_assertions",
]

[[package]]
name = "spin"
version = "0.5.2"
source = "registry+https://github.com/rust-lang/crates.io-index"
checksum = "6e63cff320ae2c57904679ba7cb63280a3dc4613885beafb148ee7bf9aa9042d"

[[package]]
name = "spin"
version = "0.8.0"
source = "registry+https://github.com/rust-lang/crates.io-index"
checksum = "796bf9647cbb0a58af0c5dfa5999ea63bcf12ab6620fbcab8b6bbfe74298fce2"

[[package]]
name = "static_assertions"
version = "1.1.0"
source = "registry+https://github.com/rust-lang/crates.io-index"
checksum = "a2eb9349b6444b326872e140eb1cf5e7c522154d69e7a0ffb0fb81c06b37543f"
